
Microsoft Visual Studio Solution File, Format Version 12.00
# Visual Studio 14
VisualStudioVersion = 14.0.25420.1
MinimumVisualStudioVersion = 10.0.40219.1
Project("{FAE04EC0-301F-11D3-BF4B-00C04F79EFBC}") = "AlbumApp.Business", "AlbumApp.Business\AlbumApp.Business.csproj", "{0A8879CC-58C7-426E-A147-16C2B9780E70}"
EndProject
Project("{FAE04EC0-301F-11D3-BF4B-00C04F79EFBC}") = "AlbumApp.Client", "AlbumApp.Clients\AlbumApp.Client.csproj", "{CB9A3D61-6CEF-4D8D-A3AC-4DF16201C916}"
EndProject
Project("{FAE04EC0-301F-11D3-BF4B-00C04F79EFBC}") = "AlbumApp.Core", "AlbumApp.Core\AlbumApp.Core.csproj", "{42EBC9AA-7B13-495B-B61B-FC8F95FB67E0}"
EndProject
Project("{FAE04EC0-301F-11D3-BF4B-00C04F79EFBC}") = "AlbumApp.Common", "AlbumApp.Common\AlbumApp.Common.csproj", "{EE884233-59FE-43E5-8504-171CA1A94B4A}"
EndProject
Project("{FAE04EC0-301F-11D3-BF4B-00C04F79EFBC}") = "AlbumApp.Tests", "AlbumApp.Tests\AlbumApp.Tests.csproj", "{B4E6B209-B0E8-4803-9B0E-220A1BAB125A}"
EndProject
Project("{FAE04EC0-301F-11D3-BF4B-00C04F79EFBC}") = "AlbumApp.Data", "AlbumApp.Data\AlbumApp.Data.csproj", "{05FE7999-344D-46E5-BBF6-751EDDD8299C}"
EndProject
Project("{FAE04EC0-301F-11D3-BF4B-00C04F79EFBC}") = "AlbumApp.Business.BootStrapper", "AlbumApp.Business.BootStrapper\AlbumApp.Business.BootStrapper.csproj", "{6B63C583-E423-4E2C-94E4-330EE912A0F2}"
EndProject
Project("{FAE04EC0-301F-11D3-BF4B-00C04F79EFBC}") = "AlbumApp.Business.Managers", "AlbumApp.Business.Managers\AlbumApp.Business.Managers.csproj", "{4FBCE3EC-8309-426A-AFFE-CC99B7DBCA70}"
EndProject
Project("{FAE04EC0-301F-11D3-BF4B-00C04F79EFBC}") = "AlbumApp.ServiceHost.Console", "AlbumApp.ServiceHost.Console\AlbumApp.ServiceHost.Console.csproj", "{C5E30F17-E2C2-40E7-952F-0D9B7167B920}"
EndProject
Project("{FAE04EC0-301F-11D3-BF4B-00C04F79EFBC}") = "AlbumApp.Web", "AlbumApp.Web\AlbumApp.Web.csproj", "{4DC752EB-FE5E-4761-B191-4C894065B698}"
EndProject
Project("{2150E333-8FDC-42A3-9474-1A3956D46DE8}") = "Business", "Business", "{6ACA14C9-63BF-4CFE-AF48-331661D848C2}"
EndProject
Project("{2150E333-8FDC-42A3-9474-1A3956D46DE8}") = "Tests", "Tests", "{330BB717-B641-4FE3-8773-26FB077A03F9}"
EndProject
Project("{2150E333-8FDC-42A3-9474-1A3956D46DE8}") = "Host-UI", "Host-UI", "{04C81675-64B2-46E0-AAD6-20A0E369E60E}"
EndProject
Project("{2150E333-8FDC-42A3-9474-1A3956D46DE8}") = "Client", "Client", "{4677AAE9-D335-4D04-A557-9F9544BF9006}"
EndProject
Project("{FAE04EC0-301F-11D3-BF4B-00C04F79EFBC}") = "AlbumApp.Core.Common.UI", "AlbumApp.Core.Common.UI\AlbumApp.Core.Common.UI.csproj", "{17B60CC1-E622-488C-B0A2-4BB232ADC8B2}"
EndProject
Project("{FAE04EC0-301F-11D3-BF4B-00C04F79EFBC}") = "AlbumApp.Admin", "AlbumApp.Admin\AlbumApp.Admin.csproj", "{64209702-8784-435A-846A-DE1F83AE06C9}"
EndProject
Project("{FAE04EC0-301F-11D3-BF4B-00C04F79EFBC}") = "AlbumApp.Admin.Tests", "AlbumApp.Admin.Tests\AlbumApp.Admin.Tests.csproj", "{3D664C03-1D07-42D5-8E00-707A6DA8D215}"
EndProject
Project("{FAE04EC0-301F-11D3-BF4B-00C04F79EFBC}") = "AlbumApp.Web.Tests", "AlbumApp.Web.Tests\AlbumApp.Web.Tests.csproj", "{EFA9AE04-F119-4F73-88BC-2E85874905A9}"
EndProject
Global
	GlobalSection(SolutionConfigurationPlatforms) = preSolution
		Debug|Any CPU = Debug|Any CPU
		Release|Any CPU = Release|Any CPU
	EndGlobalSection
	GlobalSection(ProjectConfigurationPlatforms) = postSolution
		{0A8879CC-58C7-426E-A147-16C2B9780E70}.Debug|Any CPU.ActiveCfg = Debug|Any CPU
		{0A8879CC-58C7-426E-A147-16C2B9780E70}.Debug|Any CPU.Build.0 = Debug|Any CPU
		{0A8879CC-58C7-426E-A147-16C2B9780E70}.Release|Any CPU.ActiveCfg = Release|Any CPU
		{0A8879CC-58C7-426E-A147-16C2B9780E70}.Release|Any CPU.Build.0 = Release|Any CPU
		{CB9A3D61-6CEF-4D8D-A3AC-4DF16201C916}.Debug|Any CPU.ActiveCfg = Debug|Any CPU
		{CB9A3D61-6CEF-4D8D-A3AC-4DF16201C916}.Debug|Any CPU.Build.0 = Debug|Any CPU
		{CB9A3D61-6CEF-4D8D-A3AC-4DF16201C916}.Release|Any CPU.ActiveCfg = Release|Any CPU
		{CB9A3D61-6CEF-4D8D-A3AC-4DF16201C916}.Release|Any CPU.Build.0 = Release|Any CPU
		{42EBC9AA-7B13-495B-B61B-FC8F95FB67E0}.Debug|Any CPU.ActiveCfg = Debug|Any CPU
		{42EBC9AA-7B13-495B-B61B-FC8F95FB67E0}.Debug|Any CPU.Build.0 = Debug|Any CPU
		{42EBC9AA-7B13-495B-B61B-FC8F95FB67E0}.Release|Any CPU.ActiveCfg = Release|Any CPU
		{42EBC9AA-7B13-495B-B61B-FC8F95FB67E0}.Release|Any CPU.Build.0 = Release|Any CPU
		{EE884233-59FE-43E5-8504-171CA1A94B4A}.Debug|Any CPU.ActiveCfg = Debug|Any CPU
		{EE884233-59FE-43E5-8504-171CA1A94B4A}.Debug|Any CPU.Build.0 = Debug|Any CPU
		{EE884233-59FE-43E5-8504-171CA1A94B4A}.Release|Any CPU.ActiveCfg = Release|Any CPU
		{EE884233-59FE-43E5-8504-171CA1A94B4A}.Release|Any CPU.Build.0 = Release|Any CPU
		{B4E6B209-B0E8-4803-9B0E-220A1BAB125A}.Debug|Any CPU.ActiveCfg = Debug|Any CPU
		{B4E6B209-B0E8-4803-9B0E-220A1BAB125A}.Debug|Any CPU.Build.0 = Debug|Any CPU
		{B4E6B209-B0E8-4803-9B0E-220A1BAB125A}.Release|Any CPU.ActiveCfg = Release|Any CPU
		{B4E6B209-B0E8-4803-9B0E-220A1BAB125A}.Release|Any CPU.Build.0 = Release|Any CPU
		{05FE7999-344D-46E5-BBF6-751EDDD8299C}.Debug|Any CPU.ActiveCfg = Debug|Any CPU
		{05FE7999-344D-46E5-BBF6-751EDDD8299C}.Debug|Any CPU.Build.0 = Debug|Any CPU
		{05FE7999-344D-46E5-BBF6-751EDDD8299C}.Release|Any CPU.ActiveCfg = Release|Any CPU
		{05FE7999-344D-46E5-BBF6-751EDDD8299C}.Release|Any CPU.Build.0 = Release|Any CPU
		{6B63C583-E423-4E2C-94E4-330EE912A0F2}.Debug|Any CPU.ActiveCfg = Debug|Any CPU
		{6B63C583-E423-4E2C-94E4-330EE912A0F2}.Debug|Any CPU.Build.0 = Debug|Any CPU
		{6B63C583-E423-4E2C-94E4-330EE912A0F2}.Release|Any CPU.ActiveCfg = Release|Any CPU
		{6B63C583-E423-4E2C-94E4-330EE912A0F2}.Release|Any CPU.Build.0 = Release|Any CPU
		{4FBCE3EC-8309-426A-AFFE-CC99B7DBCA70}.Debug|Any CPU.ActiveCfg = Debug|Any CPU
		{4FBCE3EC-8309-426A-AFFE-CC99B7DBCA70}.Debug|Any CPU.Build.0 = Debug|Any CPU
		{4FBCE3EC-8309-426A-AFFE-CC99B7DBCA70}.Release|Any CPU.ActiveCfg = Release|Any CPU
		{4FBCE3EC-8309-426A-AFFE-CC99B7DBCA70}.Release|Any CPU.Build.0 = Release|Any CPU
		{C5E30F17-E2C2-40E7-952F-0D9B7167B920}.Debug|Any CPU.ActiveCfg = Debug|Any CPU
		{C5E30F17-E2C2-40E7-952F-0D9B7167B920}.Debug|Any CPU.Build.0 = Debug|Any CPU
		{C5E30F17-E2C2-40E7-952F-0D9B7167B920}.Release|Any CPU.ActiveCfg = Release|Any CPU
		{C5E30F17-E2C2-40E7-952F-0D9B7167B920}.Release|Any CPU.Build.0 = Release|Any CPU
		{4DC752EB-FE5E-4761-B191-4C894065B698}.Debug|Any CPU.ActiveCfg = Debug|Any CPU
		{4DC752EB-FE5E-4761-B191-4C894065B698}.Debug|Any CPU.Build.0 = Debug|Any CPU
		{4DC752EB-FE5E-4761-B191-4C894065B698}.Release|Any CPU.ActiveCfg = Release|Any CPU
		{4DC752EB-FE5E-4761-B191-4C894065B698}.Release|Any CPU.Build.0 = Release|Any CPU
		{17B60CC1-E622-488C-B0A2-4BB232ADC8B2}.Debug|Any CPU.ActiveCfg = Debug|Any CPU
		{17B60CC1-E622-488C-B0A2-4BB232ADC8B2}.Debug|Any CPU.Build.0 = Debug|Any CPU
		{17B60CC1-E622-488C-B0A2-4BB232ADC8B2}.Release|Any CPU.ActiveCfg = Release|Any CPU
		{17B60CC1-E622-488C-B0A2-4BB232ADC8B2}.Release|Any CPU.Build.0 = Release|Any CPU
		{64209702-8784-435A-846A-DE1F83AE06C9}.Debug|Any CPU.ActiveCfg = Debug|Any CPU
		{64209702-8784-435A-846A-DE1F83AE06C9}.Debug|Any CPU.Build.0 = Debug|Any CPU
		{64209702-8784-435A-846A-DE1F83AE06C9}.Release|Any CPU.ActiveCfg = Release|Any CPU
		{64209702-8784-435A-846A-DE1F83AE06C9}.Release|Any CPU.Build.0 = Release|Any CPU
		{3D664C03-1D07-42D5-8E00-707A6DA8D215}.Debug|Any CPU.ActiveCfg = Debug|Any CPU
		{3D664C03-1D07-42D5-8E00-707A6DA8D215}.Debug|Any CPU.Build.0 = Debug|Any CPU
		{3D664C03-1D07-42D5-8E00-707A6DA8D215}.Release|Any CPU.ActiveCfg = Release|Any CPU
		{3D664C03-1D07-42D5-8E00-707A6DA8D215}.Release|Any CPU.Build.0 = Release|Any CPU
		{EFA9AE04-F119-4F73-88BC-2E85874905A9}.Debug|Any CPU.ActiveCfg = Debug|Any CPU
		{EFA9AE04-F119-4F73-88BC-2E85874905A9}.Debug|Any CPU.Build.0 = Debug|Any CPU
		{EFA9AE04-F119-4F73-88BC-2E85874905A9}.Release|Any CPU.ActiveCfg = Release|Any CPU
		{EFA9AE04-F119-4F73-88BC-2E85874905A9}.Release|Any CPU.Build.0 = Release|Any CPU
	EndGlobalSection
	GlobalSection(SolutionProperties) = preSolution
		HideSolutionNode = FALSE
	EndGlobalSection
	GlobalSection(NestedProjects) = preSolution
		{0A8879CC-58C7-426E-A147-16C2B9780E70} = {6ACA14C9-63BF-4CFE-AF48-331661D848C2}
		{CB9A3D61-6CEF-4D8D-A3AC-4DF16201C916} = {4677AAE9-D335-4D04-A557-9F9544BF9006}
		{B4E6B209-B0E8-4803-9B0E-220A1BAB125A} = {330BB717-B641-4FE3-8773-26FB077A03F9}
		{6B63C583-E423-4E2C-94E4-330EE912A0F2} = {6ACA14C9-63BF-4CFE-AF48-331661D848C2}
		{4FBCE3EC-8309-426A-AFFE-CC99B7DBCA70} = {6ACA14C9-63BF-4CFE-AF48-331661D848C2}
		{C5E30F17-E2C2-40E7-952F-0D9B7167B920} = {04C81675-64B2-46E0-AAD6-20A0E369E60E}
		{4DC752EB-FE5E-4761-B191-4C894065B698} = {04C81675-64B2-46E0-AAD6-20A0E369E60E}
		{64209702-8784-435A-846A-DE1F83AE06C9} = {04C81675-64B2-46E0-AAD6-20A0E369E60E}
		{3D664C03-1D07-42D5-8E00-707A6DA8D215} = {330BB717-B641-4FE3-8773-26FB077A03F9}
		{EFA9AE04-F119-4F73-88BC-2E85874905A9} = {330BB717-B641-4FE3-8773-26FB077A03F9}
	EndGlobalSection
EndGlobal
